// !$*UTF8*$!
{
	archiveVersion = 1;
	classes = {
	};
	objectVersion = 46;
	objects = {

/* Begin PBXBuildFile section */
		39300F181F2A80AB0089C010 /* thumbnail.png in Resources */ = {isa = PBXBuildFile; fileRef = 39300F171F2A80A30089C010 /* thumbnail.png */; };
		39508BE21F213D30006D2C6C /* Settings.swift in Sources */ = {isa = PBXBuildFile; fileRef = 39508BE11F213D30006D2C6C /* Settings.swift */; };
		39508BE31F213DA4006D2C6C /* Settings.swift in Sources */ = {isa = PBXBuildFile; fileRef = 39508BE11F213D30006D2C6C /* Settings.swift */; };
		399F63A51F2378100057D072 /* ConfigureSheet.swift in Sources */ = {isa = PBXBuildFile; fileRef = 399F63A41F2378100057D072 /* ConfigureSheet.swift */; };
		399F63A61F2378230057D072 /* ConfigureSheet.swift in Sources */ = {isa = PBXBuildFile; fileRef = 399F63A41F2378100057D072 /* ConfigureSheet.swift */; };
		399F63A81F2378820057D072 /* ConfigureSheet.xib in Resources */ = {isa = PBXBuildFile; fileRef = 399F63A71F2378820057D072 /* ConfigureSheet.xib */; };
		399F63A91F237B390057D072 /* ConfigureSheet.xib in Resources */ = {isa = PBXBuildFile; fileRef = 399F63A71F2378820057D072 /* ConfigureSheet.xib */; };
		39B2D0291EF591460068BB3F /* mononoki-Regular.ttf in Resources */ = {isa = PBXBuildFile; fileRef = 39B2D0281EF591460068BB3F /* mononoki-Regular.ttf */; };
		39B2D02A1EF591460068BB3F /* mononoki-Regular.ttf in Resources */ = {isa = PBXBuildFile; fileRef = 39B2D0281EF591460068BB3F /* mononoki-Regular.ttf */; };
		39B2D02F1EF59B190068BB3F /* Fonts.swift in Sources */ = {isa = PBXBuildFile; fileRef = 39B2D02E1EF59B190068BB3F /* Fonts.swift */; };
		39B2D0301EF59B190068BB3F /* Fonts.swift in Sources */ = {isa = PBXBuildFile; fileRef = 39B2D02E1EF59B190068BB3F /* Fonts.swift */; };
		39BF177E1EF1BA0600BB834B /* MainView.swift in Sources */ = {isa = PBXBuildFile; fileRef = 39BF177D1EF1BA0600BB834B /* MainView.swift */; };
		39BF179A1EF1C2D400BB834B /* AppDelegate.swift in Sources */ = {isa = PBXBuildFile; fileRef = 39BF17991EF1C2D400BB834B /* AppDelegate.swift */; };
		39BF179E1EF1C2D400BB834B /* Assets.xcassets in Resources */ = {isa = PBXBuildFile; fileRef = 39BF179D1EF1C2D400BB834B /* Assets.xcassets */; };
		39BF17A61EF1C2DA00BB834B /* MainView.swift in Sources */ = {isa = PBXBuildFile; fileRef = 39BF177D1EF1BA0600BB834B /* MainView.swift */; };
		39BF17AF1EF1D8B500BB834B /* TimeView.swift in Sources */ = {isa = PBXBuildFile; fileRef = 39BF17AE1EF1D8B500BB834B /* TimeView.swift */; };
		39BF17B01EF1D8B800BB834B /* TimeView.swift in Sources */ = {isa = PBXBuildFile; fileRef = 39BF17AE1EF1D8B500BB834B /* TimeView.swift */; };
		39D8923F1EF48C1D0063F53D /* ColorCodeView.swift in Sources */ = {isa = PBXBuildFile; fileRef = 39D984761EF40F3E006E0617 /* ColorCodeView.swift */; };
		39D892411EF4BEBD0063F53D /* Date.swift in Sources */ = {isa = PBXBuildFile; fileRef = 39D892401EF4BEBD0063F53D /* Date.swift */; };
		39D892421EF4BEBF0063F53D /* Date.swift in Sources */ = {isa = PBXBuildFile; fileRef = 39D892401EF4BEBD0063F53D /* Date.swift */; };
		39D984771EF40F3E006E0617 /* ColorCodeView.swift in Sources */ = {isa = PBXBuildFile; fileRef = 39D984761EF40F3E006E0617 /* ColorCodeView.swift */; };
		39E88BC41EFD92050014F7EF /* BackgroundView.swift in Sources */ = {isa = PBXBuildFile; fileRef = 39E88BC31EFD92050014F7EF /* BackgroundView.swift */; };
		39E88BC51EFD92890014F7EF /* BackgroundView.swift in Sources */ = {isa = PBXBuildFile; fileRef = 39E88BC31EFD92050014F7EF /* BackgroundView.swift */; };
		39E88BC71EFDEC390014F7EF /* NSColor.swift in Sources */ = {isa = PBXBuildFile; fileRef = 39E88BC61EFDEC390014F7EF /* NSColor.swift */; };
		39E88BC81EFDF3060014F7EF /* NSColor.swift in Sources */ = {isa = PBXBuildFile; fileRef = 39E88BC61EFDEC390014F7EF /* NSColor.swift */; };
		39EA84F11F11A7B1008E1F7E /* LabelView.swift in Sources */ = {isa = PBXBuildFile; fileRef = 39EA84F01F11A7B1008E1F7E /* LabelView.swift */; };
		39EA84F21F11A94C008E1F7E /* LabelView.swift in Sources */ = {isa = PBXBuildFile; fileRef = 39EA84F01F11A7B1008E1F7E /* LabelView.swift */; };
/* End PBXBuildFile section */

/* Begin PBXFileReference section */
		39300F171F2A80A30089C010 /* thumbnail.png */ = {isa = PBXFileReference; lastKnownFileType = image.png; path = thumbnail.png; sourceTree = "<group>"; };
		39300F1B1F2ACB1D0089C010 /* thumbnail@2x.png */ = {isa = PBXFileReference; lastKnownFileType = image.png; path = "thumbnail@2x.png"; sourceTree = "<group>"; };
		39508BE11F213D30006D2C6C /* Settings.swift */ = {isa = PBXFileReference; lastKnownFileType = sourcecode.swift; path = Settings.swift; sourceTree = "<group>"; };
		399F63A41F2378100057D072 /* ConfigureSheet.swift */ = {isa = PBXFileReference; lastKnownFileType = sourcecode.swift; path = ConfigureSheet.swift; sourceTree = "<group>"; };
		399F63A71F2378820057D072 /* ConfigureSheet.xib */ = {isa = PBXFileReference; lastKnownFileType = file.xib; path = ConfigureSheet.xib; sourceTree = "<group>"; };
		39B2D0281EF591460068BB3F /* mononoki-Regular.ttf */ = {isa = PBXFileReference; lastKnownFileType = file; path = "mononoki-Regular.ttf"; sourceTree = "<group>"; };
		39B2D02E1EF59B190068BB3F /* Fonts.swift */ = {isa = PBXFileReference; fileEncoding = 4; lastKnownFileType = sourcecode.swift; path = Fonts.swift; sourceTree = "<group>"; };
		39BF17701EF1B98E00BB834B /* ColorClockSaver.saver */ = {isa = PBXFileReference; explicitFileType = wrapper.cfbundle; includeInIndex = 0; path = ColorClockSaver.saver; sourceTree = BUILT_PRODUCTS_DIR; };
		39BF17771EF1B98E00BB834B /* Info.plist */ = {isa = PBXFileReference; lastKnownFileType = text.plist.xml; path = Info.plist; sourceTree = "<group>"; };
		39BF177D1EF1BA0600BB834B /* MainView.swift */ = {isa = PBXFileReference; fileEncoding = 4; lastKnownFileType = sourcecode.swift; path = MainView.swift; sourceTree = "<group>"; };
		39BF17971EF1C2D400BB834B /* Preview.app */ = {isa = PBXFileReference; explicitFileType = wrapper.application; includeInIndex = 0; path = Preview.app; sourceTree = BUILT_PRODUCTS_DIR; };
		39BF17991EF1C2D400BB834B /* AppDelegate.swift */ = {isa = PBXFileReference; lastKnownFileType = sourcecode.swift; path = AppDelegate.swift; sourceTree = "<group>"; };
		39BF179D1EF1C2D400BB834B /* Assets.xcassets */ = {isa = PBXFileReference; lastKnownFileType = folder.assetcatalog; path = Assets.xcassets; sourceTree = "<group>"; };
		39BF17A21EF1C2D400BB834B /* Info.plist */ = {isa = PBXFileReference; lastKnownFileType = text.plist.xml; path = Info.plist; sourceTree = "<group>"; };
		39BF17AE1EF1D8B500BB834B /* TimeView.swift */ = {isa = PBXFileReference; fileEncoding = 4; lastKnownFileType = sourcecode.swift; path = TimeView.swift; sourceTree = "<group>"; };
		39D892401EF4BEBD0063F53D /* Date.swift */ = {isa = PBXFileReference; fileEncoding = 4; lastKnownFileType = sourcecode.swift; name = Date.swift; path = ColorClockSaver/Date.swift; sourceTree = "<group>"; };
		39D984761EF40F3E006E0617 /* ColorCodeView.swift */ = {isa = PBXFileReference; fileEncoding = 4; lastKnownFileType = sourcecode.swift; path = ColorCodeView.swift; sourceTree = "<group>"; };
		39E88BC31EFD92050014F7EF /* BackgroundView.swift */ = {isa = PBXFileReference; fileEncoding = 4; lastKnownFileType = sourcecode.swift; path = BackgroundView.swift; sourceTree = "<group>"; };
		39E88BC61EFDEC390014F7EF /* NSColor.swift */ = {isa = PBXFileReference; fileEncoding = 4; lastKnownFileType = sourcecode.swift; name = NSColor.swift; path = ColorClockSaver/NSColor.swift; sourceTree = "<group>"; };
		39EA84F01F11A7B1008E1F7E /* LabelView.swift */ = {isa = PBXFileReference; fileEncoding = 4; lastKnownFileType = sourcecode.swift; path = LabelView.swift; sourceTree = "<group>"; };
/* End PBXFileReference section */

/* Begin PBXFrameworksBuildPhase section */
		39BF176C1EF1B98E00BB834B /* Frameworks */ = {
			isa = PBXFrameworksBuildPhase;
			buildActionMask = 2147483647;
			files = (
			);
			runOnlyForDeploymentPostprocessing = 0;
		};
		39BF17941EF1C2D400BB834B /* Frameworks */ = {
			isa = PBXFrameworksBuildPhase;
			buildActionMask = 2147483647;
			files = (
			);
			runOnlyForDeploymentPostprocessing = 0;
		};
/* End PBXFrameworksBuildPhase section */

/* Begin PBXGroup section */
		39300F141F2A7E180089C010 /* Resources */ = {
			isa = PBXGroup;
			children = (
				39300F171F2A80A30089C010 /* thumbnail.png */,
				39300F1B1F2ACB1D0089C010 /* thumbnail@2x.png */,
			);
			path = Resources;
			sourceTree = "<group>";
		};
		3988956C1EF6E32E0006DD3C /* Extensions */ = {
			isa = PBXGroup;
			children = (
				39D892401EF4BEBD0063F53D /* Date.swift */,
				39E88BC61EFDEC390014F7EF /* NSColor.swift */,
			);
			name = Extensions;
			sourceTree = "<group>";
		};
		39B2D0271EF5912C0068BB3F /* Assets */ = {
			isa = PBXGroup;
			children = (
				39B2D0281EF591460068BB3F /* mononoki-Regular.ttf */,
			);
			path = Assets;
			sourceTree = "<group>";
		};
		39BF17661EF1B98E00BB834B = {
			isa = PBXGroup;
			children = (
				39BF17721EF1B98E00BB834B /* ColorClockSaver */,
				39BF17981EF1C2D400BB834B /* Preview */,
				39B2D0271EF5912C0068BB3F /* Assets */,
				3988956C1EF6E32E0006DD3C /* Extensions */,
				39300F141F2A7E180089C010 /* Resources */,
				39BF17711EF1B98E00BB834B /* Products */,
			);
			sourceTree = "<group>";
		};
		39BF17711EF1B98E00BB834B /* Products */ = {
			isa = PBXGroup;
			children = (
				39BF17701EF1B98E00BB834B /* ColorClockSaver.saver */,
				39BF17971EF1C2D400BB834B /* Preview.app */,
			);
			name = Products;
			sourceTree = "<group>";
		};
		39BF17721EF1B98E00BB834B /* ColorClockSaver */ = {
			isa = PBXGroup;
			children = (
				39BF177D1EF1BA0600BB834B /* MainView.swift */,
				39E88BC31EFD92050014F7EF /* BackgroundView.swift */,
				39EA84F01F11A7B1008E1F7E /* LabelView.swift */,
				39BF17AE1EF1D8B500BB834B /* TimeView.swift */,
				39D984761EF40F3E006E0617 /* ColorCodeView.swift */,
				39508BE11F213D30006D2C6C /* Settings.swift */,
				39B2D02E1EF59B190068BB3F /* Fonts.swift */,
				399F63A41F2378100057D072 /* ConfigureSheet.swift */,
				399F63A71F2378820057D072 /* ConfigureSheet.xib */,
				39BF17771EF1B98E00BB834B /* Info.plist */,
			);
			path = ColorClockSaver;
			sourceTree = "<group>";
		};
		39BF17981EF1C2D400BB834B /* Preview */ = {
			isa = PBXGroup;
			children = (
				39BF17991EF1C2D400BB834B /* AppDelegate.swift */,
				39BF179D1EF1C2D400BB834B /* Assets.xcassets */,
				39BF17A21EF1C2D400BB834B /* Info.plist */,
			);
			path = Preview;
			sourceTree = "<group>";
		};
/* End PBXGroup section */

/* Begin PBXHeadersBuildPhase section */
		39BF176D1EF1B98E00BB834B /* Headers */ = {
			isa = PBXHeadersBuildPhase;
			buildActionMask = 2147483647;
			files = (
			);
			runOnlyForDeploymentPostprocessing = 0;
		};
/* End PBXHeadersBuildPhase section */

/* Begin PBXNativeTarget section */
		39BF176F1EF1B98E00BB834B /* ColorClockSaver */ = {
			isa = PBXNativeTarget;
			buildConfigurationList = 39BF177A1EF1B98E00BB834B /* Build configuration list for PBXNativeTarget "ColorClockSaver" */;
			buildPhases = (
				39BF176B1EF1B98E00BB834B /* Sources */,
				39BF176C1EF1B98E00BB834B /* Frameworks */,
				39BF176D1EF1B98E00BB834B /* Headers */,
				39BF176E1EF1B98E00BB834B /* Resources */,
			);
			buildRules = (
			);
			dependencies = (
			);
			name = ColorClockSaver;
			productName = ColorClockSaver;
			productReference = 39BF17701EF1B98E00BB834B /* ColorClockSaver.saver */;
			productType = "com.apple.product-type.bundle";
		};
		39BF17961EF1C2D400BB834B /* Preview */ = {
			isa = PBXNativeTarget;
			buildConfigurationList = 39BF17A51EF1C2D400BB834B /* Build configuration list for PBXNativeTarget "Preview" */;
			buildPhases = (
				39BF17931EF1C2D400BB834B /* Sources */,
				39BF17941EF1C2D400BB834B /* Frameworks */,
				39BF17951EF1C2D400BB834B /* Resources */,
			);
			buildRules = (
			);
			dependencies = (
			);
			name = Preview;
			productName = Preview;
			productReference = 39BF17971EF1C2D400BB834B /* Preview.app */;
			productType = "com.apple.product-type.application";
		};
/* End PBXNativeTarget section */

/* Begin PBXProject section */
		39BF17671EF1B98E00BB834B /* Project object */ = {
			isa = PBXProject;
			attributes = {
				LastSwiftUpdateCheck = 0830;
				LastUpgradeCheck = 1410;
				ORGANIZATIONNAME = "Edward Loveall";
				TargetAttributes = {
					39BF176F1EF1B98E00BB834B = {
						CreatedOnToolsVersion = 8.3.2;
						DevelopmentTeam = 365N6VLRMF;
						LastSwiftMigration = 0830;
						ProvisioningStyle = Automatic;
					};
					39BF17961EF1C2D400BB834B = {
						CreatedOnToolsVersion = 8.3.2;
						DevelopmentTeam = 365N6VLRMF;
						ProvisioningStyle = Automatic;
					};
				};
			};
			buildConfigurationList = 39BF176A1EF1B98E00BB834B /* Build configuration list for PBXProject "ColorClockSaver" */;
			compatibilityVersion = "Xcode 3.2";
			developmentRegion = en;
			hasScannedForEncodings = 0;
			knownRegions = (
				en,
			);
			mainGroup = 39BF17661EF1B98E00BB834B;
			productRefGroup = 39BF17711EF1B98E00BB834B /* Products */;
			projectDirPath = "";
			projectRoot = "";
			targets = (
				39BF176F1EF1B98E00BB834B /* ColorClockSaver */,
				39BF17961EF1C2D400BB834B /* Preview */,
			);
		};
/* End PBXProject section */

/* Begin PBXResourcesBuildPhase section */
		39BF176E1EF1B98E00BB834B /* Resources */ = {
			isa = PBXResourcesBuildPhase;
			buildActionMask = 2147483647;
			files = (
				399F63A81F2378820057D072 /* ConfigureSheet.xib in Resources */,
				39B2D0291EF591460068BB3F /* mononoki-Regular.ttf in Resources */,
				39300F181F2A80AB0089C010 /* thumbnail.png in Resources */,
			);
			runOnlyForDeploymentPostprocessing = 0;
		};
		39BF17951EF1C2D400BB834B /* Resources */ = {
			isa = PBXResourcesBuildPhase;
			buildActionMask = 2147483647;
			files = (
				39B2D02A1EF591460068BB3F /* mononoki-Regular.ttf in Resources */,
				39BF179E1EF1C2D400BB834B /* Assets.xcassets in Resources */,
				399F63A91F237B390057D072 /* ConfigureSheet.xib in Resources */,
			);
			runOnlyForDeploymentPostprocessing = 0;
		};
/* End PBXResourcesBuildPhase section */

/* Begin PBXSourcesBuildPhase section */
		39BF176B1EF1B98E00BB834B /* Sources */ = {
			isa = PBXSourcesBuildPhase;
			buildActionMask = 2147483647;
			files = (
				39E88BC41EFD92050014F7EF /* BackgroundView.swift in Sources */,
				39D984771EF40F3E006E0617 /* ColorCodeView.swift in Sources */,
				39EA84F11F11A7B1008E1F7E /* LabelView.swift in Sources */,
				39B2D02F1EF59B190068BB3F /* Fonts.swift in Sources */,
				399F63A51F2378100057D072 /* ConfigureSheet.swift in Sources */,
				39D892411EF4BEBD0063F53D /* Date.swift in Sources */,
				39E88BC71EFDEC390014F7EF /* NSColor.swift in Sources */,
				39508BE21F213D30006D2C6C /* Settings.swift in Sources */,
				39BF177E1EF1BA0600BB834B /* MainView.swift in Sources */,
				39BF17AF1EF1D8B500BB834B /* TimeView.swift in Sources */,
			);
			runOnlyForDeploymentPostprocessing = 0;
		};
		39BF17931EF1C2D400BB834B /* Sources */ = {
			isa = PBXSourcesBuildPhase;
			buildActionMask = 2147483647;
			files = (
				399F63A61F2378230057D072 /* ConfigureSheet.swift in Sources */,
				39E88BC81EFDF3060014F7EF /* NSColor.swift in Sources */,
				39BF17A61EF1C2DA00BB834B /* MainView.swift in Sources */,
				39EA84F21F11A94C008E1F7E /* LabelView.swift in Sources */,
				39D892421EF4BEBF0063F53D /* Date.swift in Sources */,
				39508BE31F213DA4006D2C6C /* Settings.swift in Sources */,
				39BF179A1EF1C2D400BB834B /* AppDelegate.swift in Sources */,
				39E88BC51EFD92890014F7EF /* BackgroundView.swift in Sources */,
				39BF17B01EF1D8B800BB834B /* TimeView.swift in Sources */,
				39B2D0301EF59B190068BB3F /* Fonts.swift in Sources */,
				39D8923F1EF48C1D0063F53D /* ColorCodeView.swift in Sources */,
			);
			runOnlyForDeploymentPostprocessing = 0;
		};
/* End PBXSourcesBuildPhase section */

/* Begin XCBuildConfiguration section */
		39BF17781EF1B98E00BB834B /* Debug */ = {
			isa = XCBuildConfiguration;
			buildSettings = {
				ALWAYS_SEARCH_USER_PATHS = NO;
				CLANG_ANALYZER_LOCALIZABILITY_NONLOCALIZED = YES;
				CLANG_ANALYZER_NONNULL = YES;
				CLANG_ANALYZER_NUMBER_OBJECT_CONVERSION = YES_AGGRESSIVE;
				CLANG_CXX_LANGUAGE_STANDARD = "gnu++0x";
				CLANG_CXX_LIBRARY = "libc++";
				CLANG_ENABLE_MODULES = YES;
				CLANG_ENABLE_OBJC_ARC = YES;
				CLANG_WARN_BLOCK_CAPTURE_AUTORELEASING = YES;
				CLANG_WARN_BOOL_CONVERSION = YES;
				CLANG_WARN_COMMA = YES;
				CLANG_WARN_CONSTANT_CONVERSION = YES;
				CLANG_WARN_DEPRECATED_OBJC_IMPLEMENTATIONS = YES;
				CLANG_WARN_DIRECT_OBJC_ISA_USAGE = YES_ERROR;
				CLANG_WARN_DOCUMENTATION_COMMENTS = YES;
				CLANG_WARN_EMPTY_BODY = YES;
				CLANG_WARN_ENUM_CONVERSION = YES;
				CLANG_WARN_INFINITE_RECURSION = YES;
				CLANG_WARN_INT_CONVERSION = YES;
				CLANG_WARN_NON_LITERAL_NULL_CONVERSION = YES;
				CLANG_WARN_OBJC_IMPLICIT_RETAIN_SELF = YES;
				CLANG_WARN_OBJC_LITERAL_CONVERSION = YES;
				CLANG_WARN_OBJC_ROOT_CLASS = YES_ERROR;
				CLANG_WARN_QUOTED_INCLUDE_IN_FRAMEWORK_HEADER = YES;
				CLANG_WARN_RANGE_LOOP_ANALYSIS = YES;
				CLANG_WARN_STRICT_PROTOTYPES = YES;
				CLANG_WARN_SUSPICIOUS_MOVE = YES;
				CLANG_WARN_UNREACHABLE_CODE = YES;
				CLANG_WARN__DUPLICATE_METHOD_MATCH = YES;
				CODE_SIGN_IDENTITY = "-";
				COPY_PHASE_STRIP = NO;
				DEAD_CODE_STRIPPING = YES;
				DEBUG_INFORMATION_FORMAT = dwarf;
				ENABLE_STRICT_OBJC_MSGSEND = YES;
				ENABLE_TESTABILITY = YES;
				GCC_C_LANGUAGE_STANDARD = gnu99;
				GCC_DYNAMIC_NO_PIC = NO;
				GCC_NO_COMMON_BLOCKS = YES;
				GCC_OPTIMIZATION_LEVEL = 0;
				GCC_PREPROCESSOR_DEFINITIONS = (
					"DEBUG=1",
					"$(inherited)",
				);
				GCC_WARN_64_TO_32_BIT_CONVERSION = YES;
				GCC_WARN_ABOUT_RETURN_TYPE = YES_ERROR;
				GCC_WARN_UNDECLARED_SELECTOR = YES;
				GCC_WARN_UNINITIALIZED_AUTOS = YES_AGGRESSIVE;
				GCC_WARN_UNUSED_FUNCTION = YES;
				GCC_WARN_UNUSED_VARIABLE = YES;
				MACOSX_DEPLOYMENT_TARGET = 10.12;
				MTL_ENABLE_DEBUG_INFO = YES;
				ONLY_ACTIVE_ARCH = YES;
				SDKROOT = macosx;
			};
			name = Debug;
		};
		39BF17791EF1B98E00BB834B /* Release */ = {
			isa = XCBuildConfiguration;
			buildSettings = {
				ALWAYS_SEARCH_USER_PATHS = NO;
				CLANG_ANALYZER_LOCALIZABILITY_NONLOCALIZED = YES;
				CLANG_ANALYZER_NONNULL = YES;
				CLANG_ANALYZER_NUMBER_OBJECT_CONVERSION = YES_AGGRESSIVE;
				CLANG_CXX_LANGUAGE_STANDARD = "gnu++0x";
				CLANG_CXX_LIBRARY = "libc++";
				CLANG_ENABLE_MODULES = YES;
				CLANG_ENABLE_OBJC_ARC = YES;
				CLANG_WARN_BLOCK_CAPTURE_AUTORELEASING = YES;
				CLANG_WARN_BOOL_CONVERSION = YES;
				CLANG_WARN_COMMA = YES;
				CLANG_WARN_CONSTANT_CONVERSION = YES;
				CLANG_WARN_DEPRECATED_OBJC_IMPLEMENTATIONS = YES;
				CLANG_WARN_DIRECT_OBJC_ISA_USAGE = YES_ERROR;
				CLANG_WARN_DOCUMENTATION_COMMENTS = YES;
				CLANG_WARN_EMPTY_BODY = YES;
				CLANG_WARN_ENUM_CONVERSION = YES;
				CLANG_WARN_INFINITE_RECURSION = YES;
				CLANG_WARN_INT_CONVERSION = YES;
				CLANG_WARN_NON_LITERAL_NULL_CONVERSION = YES;
				CLANG_WARN_OBJC_IMPLICIT_RETAIN_SELF = YES;
				CLANG_WARN_OBJC_LITERAL_CONVERSION = YES;
				CLANG_WARN_OBJC_ROOT_CLASS = YES_ERROR;
				CLANG_WARN_QUOTED_INCLUDE_IN_FRAMEWORK_HEADER = YES;
				CLANG_WARN_RANGE_LOOP_ANALYSIS = YES;
				CLANG_WARN_STRICT_PROTOTYPES = YES;
				CLANG_WARN_SUSPICIOUS_MOVE = YES;
				CLANG_WARN_UNREACHABLE_CODE = YES;
				CLANG_WARN__DUPLICATE_METHOD_MATCH = YES;
				CODE_SIGN_IDENTITY = "-";
				COPY_PHASE_STRIP = NO;
				DEAD_CODE_STRIPPING = YES;
				DEBUG_INFORMATION_FORMAT = "dwarf-with-dsym";
				ENABLE_NS_ASSERTIONS = NO;
				ENABLE_STRICT_OBJC_MSGSEND = YES;
				GCC_C_LANGUAGE_STANDARD = gnu99;
				GCC_NO_COMMON_BLOCKS = YES;
				GCC_WARN_64_TO_32_BIT_CONVERSION = YES;
				GCC_WARN_ABOUT_RETURN_TYPE = YES_ERROR;
				GCC_WARN_UNDECLARED_SELECTOR = YES;
				GCC_WARN_UNINITIALIZED_AUTOS = YES_AGGRESSIVE;
				GCC_WARN_UNUSED_FUNCTION = YES;
				GCC_WARN_UNUSED_VARIABLE = YES;
				MACOSX_DEPLOYMENT_TARGET = 10.12;
				MTL_ENABLE_DEBUG_INFO = NO;
				SDKROOT = macosx;
				SWIFT_COMPILATION_MODE = wholemodule;
			};
			name = Release;
		};
		39BF177B1EF1B98E00BB834B /* Debug */ = {
			isa = XCBuildConfiguration;
			buildSettings = {
				ALWAYS_EMBED_SWIFT_STANDARD_LIBRARIES = YES;
				CLANG_ENABLE_MODULES = YES;
				COMBINE_HIDPI_IMAGES = YES;
				CURRENT_PROJECT_VERSION = 1.1;
				DEAD_CODE_STRIPPING = YES;
				DEVELOPMENT_TEAM = 365N6VLRMF;
				INFOPLIST_FILE = ColorClockSaver/Info.plist;
				INSTALL_PATH = "$(HOME)/Library/Screen Savers";
				LD_RUNPATH_SEARCH_PATHS = "$(inherited) @executable_path/../Frameworks @loader_path/../Frameworks";
				MACOSX_DEPLOYMENT_TARGET = 10.15;
				MARKETING_VERSION = 1.1;
				PRODUCT_BUNDLE_IDENTIFIER = com.edwardloveall.ColorClockSaver;
				PRODUCT_NAME = "$(TARGET_NAME)";
				SWIFT_OPTIMIZATION_LEVEL = "-Onone";
				SWIFT_VERSION = 5.0;
				WRAPPER_EXTENSION = saver;
			};
			name = Debug;
		};
		39BF177C1EF1B98E00BB834B /* Release */ = {
			isa = XCBuildConfiguration;
			buildSettings = {
				ALWAYS_EMBED_SWIFT_STANDARD_LIBRARIES = YES;
				CLANG_ENABLE_MODULES = YES;
				COMBINE_HIDPI_IMAGES = YES;
				CURRENT_PROJECT_VERSION = 1.1;
				DEAD_CODE_STRIPPING = YES;
				DEVELOPMENT_TEAM = 365N6VLRMF;
				INFOPLIST_FILE = ColorClockSaver/Info.plist;
				INSTALL_PATH = "$(HOME)/Library/Screen Savers";
				LD_RUNPATH_SEARCH_PATHS = "$(inherited) @executable_path/../Frameworks @loader_path/../Frameworks";
				MACOSX_DEPLOYMENT_TARGET = 10.15;
				MARKETING_VERSION = 1.1;
				PRODUCT_BUNDLE_IDENTIFIER = com.edwardloveall.ColorClockSaver;
				PRODUCT_NAME = "$(TARGET_NAME)";
				SWIFT_VERSION = 5.0;
				WRAPPER_EXTENSION = saver;
			};
			name = Release;
		};
		39BF17A31EF1C2D400BB834B /* Debug */ = {
			isa = XCBuildConfiguration;
			buildSettings = {
				ASSETCATALOG_COMPILER_APPICON_NAME = AppIcon;
				CODE_SIGN_IDENTITY = "-";
				COMBINE_HIDPI_IMAGES = YES;
				DEAD_CODE_STRIPPING = YES;
				DEVELOPMENT_TEAM = 365N6VLRMF;
				INFOPLIST_FILE = Preview/Info.plist;
				LD_RUNPATH_SEARCH_PATHS = "$(inherited) @executable_path/../Frameworks";
				MACOSX_DEPLOYMENT_TARGET = "$(RECOMMENDED_MACOSX_DEPLOYMENT_TARGET)";
				PRODUCT_BUNDLE_IDENTIFIER = com.edwardloveall.Preview;
				PRODUCT_NAME = "$(TARGET_NAME)";
				SWIFT_ACTIVE_COMPILATION_CONDITIONS = DEBUG;
				SWIFT_OPTIMIZATION_LEVEL = "-Onone";
				SWIFT_VERSION = 3.0;
			};
			name = Debug;
		};
		39BF17A41EF1C2D400BB834B /* Release */ = {
			isa = XCBuildConfiguration;
			buildSettings = {
				ASSETCATALOG_COMPILER_APPICON_NAME = AppIcon;
				CODE_SIGN_IDENTITY = "-";
				COMBINE_HIDPI_IMAGES = YES;
				DEAD_CODE_STRIPPING = YES;
				DEVELOPMENT_TEAM = 365N6VLRMF;
				INFOPLIST_FILE = Preview/Info.plist;
				LD_RUNPATH_SEARCH_PATHS = "$(inherited) @executable_path/../Frameworks";
				MACOSX_DEPLOYMENT_TARGET = "$(RECOMMENDED_MACOSX_DEPLOYMENT_TARGET)";
				PRODUCT_BUNDLE_IDENTIFIER = com.edwardloveall.Preview;
				PRODUCT_NAME = "$(TARGET_NAME)";
				SWIFT_OPTIMIZATION_LEVEL = "-Owholemodule";
				SWIFT_VERSION = 3.0;
			};
			name = Release;
		};
/* End XCBuildConfiguration section */

/* Begin XCConfigurationList section */
		39BF176A1EF1B98E00BB834B /* Build configuration list for PBXProject "ColorClockSaver" */ = {
			isa = XCConfigurationList;
			buildConfigurations = (
				39BF17781EF1B98E00BB834B /* Debug */,
				39BF17791EF1B98E00BB834B /* Release */,
			);
			defaultConfigurationIsVisible = 0;
			defaultConfigurationName = Release;
		};
		39BF177A1EF1B98E00BB834B /* Build configuration list for PBXNativeTarget "ColorClockSaver" */ = {
			isa = XCConfigurationList;
			buildConfigurations = (
				39BF177B1EF1B98E00BB834B /* Debug */,
				39BF177C1EF1B98E00BB834B /* Release */,
			);
			defaultConfigurationIsVisible = 0;
			defaultConfigurationName = Release;
		};
		39BF17A51EF1C2D400BB834B /* Build configuration list for PBXNativeTarget "Preview" */ = {
			isa = XCConfigurationList;
			buildConfigurations = (
				39BF17A31EF1C2D400BB834B /* Debug */,
				39BF17A41EF1C2D400BB834B /* Release */,
			);
			defaultConfigurationIsVisible = 0;
			defaultConfigurationName = Release;
		};
/* End XCConfigurationList section */
	};
	rootObject = 39BF17671EF1B98E00BB834B /* Project object */;
}
