// !$*UTF8*$!
{
	archiveVersion = 1;
	classes = {
	};
	objectVersion = 46;
	objects = {

/* Begin PBXBuildFile section */
		39BF177E1EF1BA0600BB834B /* MainView.swift in Sources */ = {isa = PBXBuildFile; fileRef = 39BF177D1EF1BA0600BB834B /* MainView.swift */; };
		39BF179A1EF1C2D400BB834B /* AppDelegate.swift in Sources */ = {isa = PBXBuildFile; fileRef = 39BF17991EF1C2D400BB834B /* AppDelegate.swift */; };
		39BF179E1EF1C2D400BB834B /* Assets.xcassets in Resources */ = {isa = PBXBuildFile; fileRef = 39BF179D1EF1C2D400BB834B /* Assets.xcassets */; };
		39BF17A61EF1C2DA00BB834B /* MainView.swift in Sources */ = {isa = PBXBuildFile; fileRef = 39BF177D1EF1BA0600BB834B /* MainView.swift */; };
		39BF17AB1EF1C8DC00BB834B /* MainMenu.xib in Resources */ = {isa = PBXBuildFile; fileRef = 39BF17A91EF1C8DC00BB834B /* MainMenu.xib */; };
		39BF17AF1EF1D8B500BB834B /* TimeView.swift in Sources */ = {isa = PBXBuildFile; fileRef = 39BF17AE1EF1D8B500BB834B /* TimeView.swift */; };
		39BF17B01EF1D8B800BB834B /* TimeView.swift in Sources */ = {isa = PBXBuildFile; fileRef = 39BF17AE1EF1D8B500BB834B /* TimeView.swift */; };
		39D8923F1EF48C1D0063F53D /* ColorCodeView.swift in Sources */ = {isa = PBXBuildFile; fileRef = 39D984761EF40F3E006E0617 /* ColorCodeView.swift */; };
		39D984771EF40F3E006E0617 /* ColorCodeView.swift in Sources */ = {isa = PBXBuildFile; fileRef = 39D984761EF40F3E006E0617 /* ColorCodeView.swift */; };
/* End PBXBuildFile section */

/* Begin PBXFileReference section */
		39BF17701EF1B98E00BB834B /* ColorClockSaver.saver */ = {isa = PBXFileReference; explicitFileType = wrapper.cfbundle; includeInIndex = 0; path = ColorClockSaver.saver; sourceTree = BUILT_PRODUCTS_DIR; };
		39BF17771EF1B98E00BB834B /* Info.plist */ = {isa = PBXFileReference; lastKnownFileType = text.plist.xml; path = Info.plist; sourceTree = "<group>"; };
		39BF177D1EF1BA0600BB834B /* MainView.swift */ = {isa = PBXFileReference; fileEncoding = 4; lastKnownFileType = sourcecode.swift; name = MainView.swift; path = ../MainView.swift; sourceTree = "<group>"; };
		39BF17971EF1C2D400BB834B /* Preview.app */ = {isa = PBXFileReference; explicitFileType = wrapper.application; includeInIndex = 0; path = Preview.app; sourceTree = BUILT_PRODUCTS_DIR; };
		39BF17991EF1C2D400BB834B /* AppDelegate.swift */ = {isa = PBXFileReference; lastKnownFileType = sourcecode.swift; path = AppDelegate.swift; sourceTree = "<group>"; };
		39BF179D1EF1C2D400BB834B /* Assets.xcassets */ = {isa = PBXFileReference; lastKnownFileType = folder.assetcatalog; path = Assets.xcassets; sourceTree = "<group>"; };
		39BF17A21EF1C2D400BB834B /* Info.plist */ = {isa = PBXFileReference; lastKnownFileType = text.plist.xml; path = Info.plist; sourceTree = "<group>"; };
		39BF17AA1EF1C8DC00BB834B /* Base */ = {isa = PBXFileReference; lastKnownFileType = file.xib; name = Base; path = Preview/Base.lproj/MainMenu.xib; sourceTree = "<group>"; };
		39BF17AE1EF1D8B500BB834B /* TimeView.swift */ = {isa = PBXFileReference; fileEncoding = 4; lastKnownFileType = sourcecode.swift; path = TimeView.swift; sourceTree = "<group>"; };
		39D984761EF40F3E006E0617 /* ColorCodeView.swift */ = {isa = PBXFileReference; fileEncoding = 4; lastKnownFileType = sourcecode.swift; path = ColorCodeView.swift; sourceTree = "<group>"; };
/* End PBXFileReference section */

/* Begin PBXFrameworksBuildPhase section */
		39BF176C1EF1B98E00BB834B /* Frameworks */ = {
			isa = PBXFrameworksBuildPhase;
			buildActionMask = 2147483647;
			files = (
			);
			runOnlyForDeploymentPostprocessing = 0;
		};
		39BF17941EF1C2D400BB834B /* Frameworks */ = {
			isa = PBXFrameworksBuildPhase;
			buildActionMask = 2147483647;
			files = (
			);
			runOnlyForDeploymentPostprocessing = 0;
		};
/* End PBXFrameworksBuildPhase section */

/* Begin PBXGroup section */
		39BF17661EF1B98E00BB834B = {
			isa = PBXGroup;
			children = (
				39BF17721EF1B98E00BB834B /* ColorClockSaver */,
				39BF17981EF1C2D400BB834B /* Preview */,
				39BF17711EF1B98E00BB834B /* Products */,
			);
			sourceTree = "<group>";
		};
		39BF17711EF1B98E00BB834B /* Products */ = {
			isa = PBXGroup;
			children = (
				39BF17701EF1B98E00BB834B /* ColorClockSaver.saver */,
				39BF17971EF1C2D400BB834B /* Preview.app */,
			);
			name = Products;
			sourceTree = "<group>";
		};
		39BF17721EF1B98E00BB834B /* ColorClockSaver */ = {
			isa = PBXGroup;
			children = (
				39BF177D1EF1BA0600BB834B /* MainView.swift */,
				39BF17AE1EF1D8B500BB834B /* TimeView.swift */,
				39D984761EF40F3E006E0617 /* ColorCodeView.swift */,
				39BF17771EF1B98E00BB834B /* Info.plist */,
			);
			path = ColorClockSaver;
			sourceTree = "<group>";
		};
		39BF17981EF1C2D400BB834B /* Preview */ = {
			isa = PBXGroup;
			children = (
				39BF17991EF1C2D400BB834B /* AppDelegate.swift */,
				39BF179D1EF1C2D400BB834B /* Assets.xcassets */,
				39BF17A91EF1C8DC00BB834B /* MainMenu.xib */,
				39BF17A21EF1C2D400BB834B /* Info.plist */,
			);
			path = Preview;
			sourceTree = "<group>";
		};
/* End PBXGroup section */

/* Begin PBXHeadersBuildPhase section */
		39BF176D1EF1B98E00BB834B /* Headers */ = {
			isa = PBXHeadersBuildPhase;
			buildActionMask = 2147483647;
			files = (
			);
			runOnlyForDeploymentPostprocessing = 0;
		};
/* End PBXHeadersBuildPhase section */

/* Begin PBXNativeTarget section */
		39BF176F1EF1B98E00BB834B /* ColorClockSaver */ = {
			isa = PBXNativeTarget;
			buildConfigurationList = 39BF177A1EF1B98E00BB834B /* Build configuration list for PBXNativeTarget "ColorClockSaver" */;
			buildPhases = (
				39BF176B1EF1B98E00BB834B /* Sources */,
				39BF176C1EF1B98E00BB834B /* Frameworks */,
				39BF176D1EF1B98E00BB834B /* Headers */,
				39BF176E1EF1B98E00BB834B /* Resources */,
			);
			buildRules = (
			);
			dependencies = (
			);
			name = ColorClockSaver;
			productName = ColorClockSaver;
			productReference = 39BF17701EF1B98E00BB834B /* ColorClockSaver.saver */;
			productType = "com.apple.product-type.bundle";
		};
		39BF17961EF1C2D400BB834B /* Preview */ = {
			isa = PBXNativeTarget;
			buildConfigurationList = 39BF17A51EF1C2D400BB834B /* Build configuration list for PBXNativeTarget "Preview" */;
			buildPhases = (
				39BF17931EF1C2D400BB834B /* Sources */,
				39BF17941EF1C2D400BB834B /* Frameworks */,
				39BF17951EF1C2D400BB834B /* Resources */,
			);
			buildRules = (
			);
			dependencies = (
			);
			name = Preview;
			productName = Preview;
			productReference = 39BF17971EF1C2D400BB834B /* Preview.app */;
			productType = "com.apple.product-type.application";
		};
/* End PBXNativeTarget section */

/* Begin PBXProject section */
		39BF17671EF1B98E00BB834B /* Project object */ = {
			isa = PBXProject;
			attributes = {
				LastSwiftUpdateCheck = 0830;
				LastUpgradeCheck = 0830;
				ORGANIZATIONNAME = "Edward Loveall";
				TargetAttributes = {
					39BF176F1EF1B98E00BB834B = {
						CreatedOnToolsVersion = 8.3.2;
						DevelopmentTeam = 365N6VLRMF;
						LastSwiftMigration = 0830;
						ProvisioningStyle = Automatic;
					};
					39BF17961EF1C2D400BB834B = {
						CreatedOnToolsVersion = 8.3.2;
						DevelopmentTeam = 365N6VLRMF;
						ProvisioningStyle = Automatic;
					};
				};
			};
			buildConfigurationList = 39BF176A1EF1B98E00BB834B /* Build configuration list for PBXProject "ColorClockSaver" */;
			compatibilityVersion = "Xcode 3.2";
			developmentRegion = English;
			hasScannedForEncodings = 0;
			knownRegions = (
				en,
				Base,
			);
			mainGroup = 39BF17661EF1B98E00BB834B;
			productRefGroup = 39BF17711EF1B98E00BB834B /* Products */;
			projectDirPath = "";
			projectRoot = "";
			targets = (
				39BF176F1EF1B98E00BB834B /* ColorClockSaver */,
				39BF17961EF1C2D400BB834B /* Preview */,
			);
		};
/* End PBXProject section */

/* Begin PBXResourcesBuildPhase section */
		39BF176E1EF1B98E00BB834B /* Resources */ = {
			isa = PBXResourcesBuildPhase;
			buildActionMask = 2147483647;
			files = (
			);
			runOnlyForDeploymentPostprocessing = 0;
		};
		39BF17951EF1C2D400BB834B /* Resources */ = {
			isa = PBXResourcesBuildPhase;
			buildActionMask = 2147483647;
			files = (
				39BF179E1EF1C2D400BB834B /* Assets.xcassets in Resources */,
				39BF17AB1EF1C8DC00BB834B /* MainMenu.xib in Resources */,
			);
			runOnlyForDeploymentPostprocessing = 0;
		};
/* End PBXResourcesBuildPhase section */

/* Begin PBXSourcesBuildPhase section */
		39BF176B1EF1B98E00BB834B /* Sources */ = {
			isa = PBXSourcesBuildPhase;
			buildActionMask = 2147483647;
			files = (
				39D984771EF40F3E006E0617 /* ColorCodeView.swift in Sources */,
				39BF177E1EF1BA0600BB834B /* MainView.swift in Sources */,
				39BF17AF1EF1D8B500BB834B /* TimeView.swift in Sources */,
			);
			runOnlyForDeploymentPostprocessing = 0;
		};
		39BF17931EF1C2D400BB834B /* Sources */ = {
			isa = PBXSourcesBuildPhase;
			buildActionMask = 2147483647;
			files = (
				39BF17A61EF1C2DA00BB834B /* MainView.swift in Sources */,
				39BF179A1EF1C2D400BB834B /* AppDelegate.swift in Sources */,
				39BF17B01EF1D8B800BB834B /* TimeView.swift in Sources */,
				39D8923F1EF48C1D0063F53D /* ColorCodeView.swift in Sources */,
			);
			runOnlyForDeploymentPostprocessing = 0;
		};
/* End PBXSourcesBuildPhase section */

/* Begin PBXVariantGroup section */
		39BF17A91EF1C8DC00BB834B /* MainMenu.xib */ = {
			isa = PBXVariantGroup;
			children = (
				39BF17AA1EF1C8DC00BB834B /* Base */,
			);
			name = MainMenu.xib;
			path = ..;
			sourceTree = "<group>";
		};
/* End PBXVariantGroup section */

/* Begin XCBuildConfiguration section */
		39BF17781EF1B98E00BB834B /* Debug */ = {
			isa = XCBuildConfiguration;
			buildSettings = {
				ALWAYS_SEARCH_USER_PATHS = NO;
				CLANG_ANALYZER_NONNULL = YES;
				CLANG_ANALYZER_NUMBER_OBJECT_CONVERSION = YES_AGGRESSIVE;
				CLANG_CXX_LANGUAGE_STANDARD = "gnu++0x";
				CLANG_CXX_LIBRARY = "libc++";
				CLANG_ENABLE_MODULES = YES;
				CLANG_ENABLE_OBJC_ARC = YES;
				CLANG_WARN_BOOL_CONVERSION = YES;
				CLANG_WARN_CONSTANT_CONVERSION = YES;
				CLANG_WARN_DIRECT_OBJC_ISA_USAGE = YES_ERROR;
				CLANG_WARN_DOCUMENTATION_COMMENTS = YES;
				CLANG_WARN_EMPTY_BODY = YES;
				CLANG_WARN_ENUM_CONVERSION = YES;
				CLANG_WARN_INFINITE_RECURSION = YES;
				CLANG_WARN_INT_CONVERSION = YES;
				CLANG_WARN_OBJC_ROOT_CLASS = YES_ERROR;
				CLANG_WARN_SUSPICIOUS_MOVE = YES;
				CLANG_WARN_UNREACHABLE_CODE = YES;
				CLANG_WARN__DUPLICATE_METHOD_MATCH = YES;
				CODE_SIGN_IDENTITY = "-";
				COPY_PHASE_STRIP = NO;
				DEBUG_INFORMATION_FORMAT = dwarf;
				ENABLE_STRICT_OBJC_MSGSEND = YES;
				ENABLE_TESTABILITY = YES;
				GCC_C_LANGUAGE_STANDARD = gnu99;
				GCC_DYNAMIC_NO_PIC = NO;
				GCC_NO_COMMON_BLOCKS = YES;
				GCC_OPTIMIZATION_LEVEL = 0;
				GCC_PREPROCESSOR_DEFINITIONS = (
					"DEBUG=1",
					"$(inherited)",
				);
				GCC_WARN_64_TO_32_BIT_CONVERSION = YES;
				GCC_WARN_ABOUT_RETURN_TYPE = YES_ERROR;
				GCC_WARN_UNDECLARED_SELECTOR = YES;
				GCC_WARN_UNINITIALIZED_AUTOS = YES_AGGRESSIVE;
				GCC_WARN_UNUSED_FUNCTION = YES;
				GCC_WARN_UNUSED_VARIABLE = YES;
				MACOSX_DEPLOYMENT_TARGET = 10.12;
				MTL_ENABLE_DEBUG_INFO = YES;
				ONLY_ACTIVE_ARCH = YES;
				SDKROOT = macosx;
			};
			name = Debug;
		};
		39BF17791EF1B98E00BB834B /* Release */ = {
			isa = XCBuildConfiguration;
			buildSettings = {
				ALWAYS_SEARCH_USER_PATHS = NO;
				CLANG_ANALYZER_NONNULL = YES;
				CLANG_ANALYZER_NUMBER_OBJECT_CONVERSION = YES_AGGRESSIVE;
				CLANG_CXX_LANGUAGE_STANDARD = "gnu++0x";
				CLANG_CXX_LIBRARY = "libc++";
				CLANG_ENABLE_MODULES = YES;
				CLANG_ENABLE_OBJC_ARC = YES;
				CLANG_WARN_BOOL_CONVERSION = YES;
				CLANG_WARN_CONSTANT_CONVERSION = YES;
				CLANG_WARN_DIRECT_OBJC_ISA_USAGE = YES_ERROR;
				CLANG_WARN_DOCUMENTATION_COMMENTS = YES;
				CLANG_WARN_EMPTY_BODY = YES;
				CLANG_WARN_ENUM_CONVERSION = YES;
				CLANG_WARN_INFINITE_RECURSION = YES;
				CLANG_WARN_INT_CONVERSION = YES;
				CLANG_WARN_OBJC_ROOT_CLASS = YES_ERROR;
				CLANG_WARN_SUSPICIOUS_MOVE = YES;
				CLANG_WARN_UNREACHABLE_CODE = YES;
				CLANG_WARN__DUPLICATE_METHOD_MATCH = YES;
				CODE_SIGN_IDENTITY = "-";
				COPY_PHASE_STRIP = NO;
				DEBUG_INFORMATION_FORMAT = "dwarf-with-dsym";
				ENABLE_NS_ASSERTIONS = NO;
				ENABLE_STRICT_OBJC_MSGSEND = YES;
				GCC_C_LANGUAGE_STANDARD = gnu99;
				GCC_NO_COMMON_BLOCKS = YES;
				GCC_WARN_64_TO_32_BIT_CONVERSION = YES;
				GCC_WARN_ABOUT_RETURN_TYPE = YES_ERROR;
				GCC_WARN_UNDECLARED_SELECTOR = YES;
				GCC_WARN_UNINITIALIZED_AUTOS = YES_AGGRESSIVE;
				GCC_WARN_UNUSED_FUNCTION = YES;
				GCC_WARN_UNUSED_VARIABLE = YES;
				MACOSX_DEPLOYMENT_TARGET = 10.12;
				MTL_ENABLE_DEBUG_INFO = NO;
				SDKROOT = macosx;
			};
			name = Release;
		};
		39BF177B1EF1B98E00BB834B /* Debug */ = {
			isa = XCBuildConfiguration;
			buildSettings = {
				ALWAYS_EMBED_SWIFT_STANDARD_LIBRARIES = YES;
				CLANG_ENABLE_MODULES = YES;
				COMBINE_HIDPI_IMAGES = YES;
				DEVELOPMENT_TEAM = 365N6VLRMF;
				INFOPLIST_FILE = ColorClockSaver/Info.plist;
				INSTALL_PATH = "$(HOME)/Library/Screen Savers";
				LD_RUNPATH_SEARCH_PATHS = "$(inherited) @executable_path/../Frameworks @loader_path/../Frameworks";
				PRODUCT_BUNDLE_IDENTIFIER = com.edwardloveall.ColorClockSaver;
				PRODUCT_NAME = "$(TARGET_NAME)";
				SWIFT_OPTIMIZATION_LEVEL = "-Onone";
				SWIFT_VERSION = 3.0;
				WRAPPER_EXTENSION = saver;
			};
			name = Debug;
		};
		39BF177C1EF1B98E00BB834B /* Release */ = {
			isa = XCBuildConfiguration;
			buildSettings = {
				ALWAYS_EMBED_SWIFT_STANDARD_LIBRARIES = YES;
				CLANG_ENABLE_MODULES = YES;
				COMBINE_HIDPI_IMAGES = YES;
				DEVELOPMENT_TEAM = 365N6VLRMF;
				INFOPLIST_FILE = ColorClockSaver/Info.plist;
				INSTALL_PATH = "$(HOME)/Library/Screen Savers";
				LD_RUNPATH_SEARCH_PATHS = "$(inherited) @executable_path/../Frameworks @loader_path/../Frameworks";
				PRODUCT_BUNDLE_IDENTIFIER = com.edwardloveall.ColorClockSaver;
				PRODUCT_NAME = "$(TARGET_NAME)";
				SWIFT_VERSION = 3.0;
				WRAPPER_EXTENSION = saver;
			};
			name = Release;
		};
		39BF17A31EF1C2D400BB834B /* Debug */ = {
			isa = XCBuildConfiguration;
			buildSettings = {
				ASSETCATALOG_COMPILER_APPICON_NAME = AppIcon;
				COMBINE_HIDPI_IMAGES = YES;
				DEVELOPMENT_TEAM = 365N6VLRMF;
				INFOPLIST_FILE = Preview/Info.plist;
				LD_RUNPATH_SEARCH_PATHS = "$(inherited) @executable_path/../Frameworks";
				PRODUCT_BUNDLE_IDENTIFIER = com.edwardloveall.Preview;
				PRODUCT_NAME = "$(TARGET_NAME)";
				SWIFT_ACTIVE_COMPILATION_CONDITIONS = DEBUG;
				SWIFT_OPTIMIZATION_LEVEL = "-Onone";
				SWIFT_VERSION = 3.0;
			};
			name = Debug;
		};
		39BF17A41EF1C2D400BB834B /* Release */ = {
			isa = XCBuildConfiguration;
			buildSettings = {
				ASSETCATALOG_COMPILER_APPICON_NAME = AppIcon;
				COMBINE_HIDPI_IMAGES = YES;
				DEVELOPMENT_TEAM = 365N6VLRMF;
				INFOPLIST_FILE = Preview/Info.plist;
				LD_RUNPATH_SEARCH_PATHS = "$(inherited) @executable_path/../Frameworks";
				PRODUCT_BUNDLE_IDENTIFIER = com.edwardloveall.Preview;
				PRODUCT_NAME = "$(TARGET_NAME)";
				SWIFT_OPTIMIZATION_LEVEL = "-Owholemodule";
				SWIFT_VERSION = 3.0;
			};
			name = Release;
		};
/* End XCBuildConfiguration section */

/* Begin XCConfigurationList section */
		39BF176A1EF1B98E00BB834B /* Build configuration list for PBXProject "ColorClockSaver" */ = {
			isa = XCConfigurationList;
			buildConfigurations = (
				39BF17781EF1B98E00BB834B /* Debug */,
				39BF17791EF1B98E00BB834B /* Release */,
			);
			defaultConfigurationIsVisible = 0;
			defaultConfigurationName = Release;
		};
		39BF177A1EF1B98E00BB834B /* Build configuration list for PBXNativeTarget "ColorClockSaver" */ = {
			isa = XCConfigurationList;
			buildConfigurations = (
				39BF177B1EF1B98E00BB834B /* Debug */,
				39BF177C1EF1B98E00BB834B /* Release */,
			);
			defaultConfigurationIsVisible = 0;
			defaultConfigurationName = Release;
		};
		39BF17A51EF1C2D400BB834B /* Build configuration list for PBXNativeTarget "Preview" */ = {
			isa = XCConfigurationList;
			buildConfigurations = (
				39BF17A31EF1C2D400BB834B /* Debug */,
				39BF17A41EF1C2D400BB834B /* Release */,
			);
			defaultConfigurationIsVisible = 0;
			defaultConfigurationName = Release;
		};
/* End XCConfigurationList section */
	};
	rootObject = 39BF17671EF1B98E00BB834B /* Project object */;
}
